// !$*UTF8*$!
{
	archiveVersion = 1;
	classes = {
	};
	objectVersion = 46;
	objects = {

/* Begin PBXBuildFile section */
		43678F8C1C86D6DE00F6D0A6 /* TypesViewController.swift in Sources */ = {isa = PBXBuildFile; fileRef = 43678F8B1C86D6DE00F6D0A6 /* TypesViewController.swift */; };
		4375924C1D4F36C000881C28 /* AKExpandGradientView.swift in Sources */ = {isa = PBXBuildFile; fileRef = 437592471D4F36C000881C28 /* AKExpandGradientView.swift */; };
		4375924E1D4F36C000881C28 /* AKExpandView.swift in Sources */ = {isa = PBXBuildFile; fileRef = 437592491D4F36C000881C28 /* AKExpandView.swift */; };
		4384B2281C7F1DD900185A20 /* AppDelegate.swift in Sources */ = {isa = PBXBuildFile; fileRef = 4384B2271C7F1DD900185A20 /* AppDelegate.swift */; };
		4384B22A1C7F1DD900185A20 /* ViewController.swift in Sources */ = {isa = PBXBuildFile; fileRef = 4384B2291C7F1DD900185A20 /* ViewController.swift */; };
		4384B22D1C7F1DD900185A20 /* Main.storyboard in Resources */ = {isa = PBXBuildFile; fileRef = 4384B22B1C7F1DD900185A20 /* Main.storyboard */; };
		4384B22F1C7F1DD900185A20 /* Assets.xcassets in Resources */ = {isa = PBXBuildFile; fileRef = 4384B22E1C7F1DD900185A20 /* Assets.xcassets */; };
		4384B2321C7F1DD900185A20 /* LaunchScreen.storyboard in Resources */ = {isa = PBXBuildFile; fileRef = 4384B2301C7F1DD900185A20 /* LaunchScreen.storyboard */; };
		4399BCEB1C809ACE00A200CD /* DemoViewController.swift in Sources */ = {isa = PBXBuildFile; fileRef = 4399BCEA1C809ACE00A200CD /* DemoViewController.swift */; };
		43DBF03E1D59BC1400C3ED9B /* AKActivityWebView.swift in Sources */ = {isa = PBXBuildFile; fileRef = 43DBF03D1D59BC1400C3ED9B /* AKActivityWebView.swift */; };
/* End PBXBuildFile section */

/* Begin PBXFileReference section */
		43678F8B1C86D6DE00F6D0A6 /* TypesViewController.swift */ = {isa = PBXFileReference; fileEncoding = 4; lastKnownFileType = sourcecode.swift; path = TypesViewController.swift; sourceTree = "<group>"; };
		437592471D4F36C000881C28 /* AKExpandGradientView.swift */ = {isa = PBXFileReference; fileEncoding = 4; lastKnownFileType = sourcecode.swift; name = AKExpandGradientView.swift; path = ../AKExpandView/AKExpandGradientView.swift; sourceTree = "<group>"; };
		437592491D4F36C000881C28 /* AKExpandView.swift */ = {isa = PBXFileReference; fileEncoding = 4; lastKnownFileType = sourcecode.swift; name = AKExpandView.swift; path = ../AKExpandView/AKExpandView.swift; sourceTree = "<group>"; };
		4384B2241C7F1DD900185A20 /* Demo.app */ = {isa = PBXFileReference; explicitFileType = wrapper.application; includeInIndex = 0; path = Demo.app; sourceTree = BUILT_PRODUCTS_DIR; };
		4384B2271C7F1DD900185A20 /* AppDelegate.swift */ = {isa = PBXFileReference; lastKnownFileType = sourcecode.swift; path = AppDelegate.swift; sourceTree = "<group>"; };
		4384B2291C7F1DD900185A20 /* ViewController.swift */ = {isa = PBXFileReference; lastKnownFileType = sourcecode.swift; path = ViewController.swift; sourceTree = "<group>"; };
		4384B22C1C7F1DD900185A20 /* Base */ = {isa = PBXFileReference; lastKnownFileType = file.storyboard; name = Base; path = Base.lproj/Main.storyboard; sourceTree = "<group>"; };
		4384B22E1C7F1DD900185A20 /* Assets.xcassets */ = {isa = PBXFileReference; lastKnownFileType = folder.assetcatalog; path = Assets.xcassets; sourceTree = "<group>"; };
		4384B2311C7F1DD900185A20 /* Base */ = {isa = PBXFileReference; lastKnownFileType = file.storyboard; name = Base; path = Base.lproj/LaunchScreen.storyboard; sourceTree = "<group>"; };
		4384B2331C7F1DD900185A20 /* Info.plist */ = {isa = PBXFileReference; lastKnownFileType = text.plist.xml; path = Info.plist; sourceTree = "<group>"; };
		4399BCEA1C809ACE00A200CD /* DemoViewController.swift */ = {isa = PBXFileReference; fileEncoding = 4; lastKnownFileType = sourcecode.swift; path = DemoViewController.swift; sourceTree = "<group>"; };
		43DBF03D1D59BC1400C3ED9B /* AKActivityWebView.swift */ = {isa = PBXFileReference; fileEncoding = 4; lastKnownFileType = sourcecode.swift; name = AKActivityWebView.swift; path = ../Vendor/AKActivityWebView/AKActivityWebView/AKActivityWebView.swift; sourceTree = "<group>"; };
/* End PBXFileReference section */

/* Begin PBXFrameworksBuildPhase section */
		4384B2211C7F1DD900185A20 /* Frameworks */ = {
			isa = PBXFrameworksBuildPhase;
			buildActionMask = 2147483647;
			files = (
			);
			runOnlyForDeploymentPostprocessing = 0;
		};
/* End PBXFrameworksBuildPhase section */

/* Begin PBXGroup section */
		437592561D4F3FBE00881C28 /* AKExpandView */ = {
			isa = PBXGroup;
			children = (
				437592491D4F36C000881C28 /* AKExpandView.swift */,
				437592471D4F36C000881C28 /* AKExpandGradientView.swift */,
			);
			name = AKExpandView;
			sourceTree = "<group>";
		};
		4384B21B1C7F1DD900185A20 = {
			isa = PBXGroup;
			children = (
				437592561D4F3FBE00881C28 /* AKExpandView */,
				43DBF03F1D59BC1800C3ED9B /* AKActivityWebView */,
				4384B2261C7F1DD900185A20 /* Demo */,
				4384B2251C7F1DD900185A20 /* Products */,
			);
			sourceTree = "<group>";
		};
		4384B2251C7F1DD900185A20 /* Products */ = {
			isa = PBXGroup;
			children = (
				4384B2241C7F1DD900185A20 /* Demo.app */,
			);
			name = Products;
			sourceTree = "<group>";
		};
		4384B2261C7F1DD900185A20 /* Demo */ = {
			isa = PBXGroup;
			children = (
				4384B2271C7F1DD900185A20 /* AppDelegate.swift */,
				4384B2291C7F1DD900185A20 /* ViewController.swift */,
				43678F8B1C86D6DE00F6D0A6 /* TypesViewController.swift */,
				4399BCEA1C809ACE00A200CD /* DemoViewController.swift */,
				4384B22B1C7F1DD900185A20 /* Main.storyboard */,
				4384B22E1C7F1DD900185A20 /* Assets.xcassets */,
				4384B2301C7F1DD900185A20 /* LaunchScreen.storyboard */,
				4384B2331C7F1DD900185A20 /* Info.plist */,
			);
			path = Demo;
			sourceTree = "<group>";
		};
		43DBF03F1D59BC1800C3ED9B /* AKActivityWebView */ = {
			isa = PBXGroup;
			children = (
				43DBF03D1D59BC1400C3ED9B /* AKActivityWebView.swift */,
			);
			name = AKActivityWebView;
			sourceTree = "<group>";
		};
/* End PBXGroup section */

/* Begin PBXNativeTarget section */
		4384B2231C7F1DD900185A20 /* Demo */ = {
			isa = PBXNativeTarget;
			buildConfigurationList = 4384B24C1C7F1DD900185A20 /* Build configuration list for PBXNativeTarget "Demo" */;
			buildPhases = (
				4384B2201C7F1DD900185A20 /* Sources */,
				4384B2211C7F1DD900185A20 /* Frameworks */,
				4384B2221C7F1DD900185A20 /* Resources */,
			);
			buildRules = (
			);
			dependencies = (
			);
			name = Demo;
			productName = Demo;
			productReference = 4384B2241C7F1DD900185A20 /* Demo.app */;
			productType = "com.apple.product-type.application";
		};
/* End PBXNativeTarget section */

/* Begin PBXProject section */
		4384B21C1C7F1DD900185A20 /* Project object */ = {
			isa = PBXProject;
			attributes = {
				LastSwiftUpdateCheck = 0720;
				LastUpgradeCheck = 0720;
				ORGANIZATIONNAME = "Krachulov Artem ";
				TargetAttributes = {
					4384B2231C7F1DD900185A20 = {
						CreatedOnToolsVersion = 7.2.1;
					};
				};
			};
			buildConfigurationList = 4384B21F1C7F1DD900185A20 /* Build configuration list for PBXProject "Demo" */;
			compatibilityVersion = "Xcode 3.2";
			developmentRegion = English;
			hasScannedForEncodings = 0;
			knownRegions = (
				en,
				Base,
			);
			mainGroup = 4384B21B1C7F1DD900185A20;
			productRefGroup = 4384B2251C7F1DD900185A20 /* Products */;
			projectDirPath = "";
			projectRoot = "";
			targets = (
				4384B2231C7F1DD900185A20 /* Demo */,
			);
		};
/* End PBXProject section */

/* Begin PBXResourcesBuildPhase section */
		4384B2221C7F1DD900185A20 /* Resources */ = {
			isa = PBXResourcesBuildPhase;
			buildActionMask = 2147483647;
			files = (
				4384B2321C7F1DD900185A20 /* LaunchScreen.storyboard in Resources */,
				4384B22F1C7F1DD900185A20 /* Assets.xcassets in Resources */,
				4384B22D1C7F1DD900185A20 /* Main.storyboard in Resources */,
			);
			runOnlyForDeploymentPostprocessing = 0;
		};
/* End PBXResourcesBuildPhase section */

/* Begin PBXSourcesBuildPhase section */
		4384B2201C7F1DD900185A20 /* Sources */ = {
			isa = PBXSourcesBuildPhase;
			buildActionMask = 2147483647;
			files = (
				43DBF03E1D59BC1400C3ED9B /* AKActivityWebView.swift in Sources */,
				4384B22A1C7F1DD900185A20 /* ViewController.swift in Sources */,
				4384B2281C7F1DD900185A20 /* AppDelegate.swift in Sources */,
				4399BCEB1C809ACE00A200CD /* DemoViewController.swift in Sources */,
				4375924E1D4F36C000881C28 /* AKExpandView.swift in Sources */,
				4375924C1D4F36C000881C28 /* AKExpandGradientView.swift in Sources */,
				43678F8C1C86D6DE00F6D0A6 /* TypesViewController.swift in Sources */,
			);
			runOnlyForDeploymentPostprocessing = 0;
		};
/* End PBXSourcesBuildPhase section */

/* Begin PBXVariantGroup section */
		4384B22B1C7F1DD900185A20 /* Main.storyboard */ = {
			isa = PBXVariantGroup;
			children = (
				4384B22C1C7F1DD900185A20 /* Base */,
			);
			name = Main.storyboard;
			sourceTree = "<group>";
		};
		4384B2301C7F1DD900185A20 /* LaunchScreen.storyboard */ = {
			isa = PBXVariantGroup;
			children = (
				4384B2311C7F1DD900185A20 /* Base */,
			);
			name = LaunchScreen.storyboard;
			sourceTree = "<group>";
		};
/* End PBXVariantGroup section */

/* Begin XCBuildConfiguration section */
		4384B24A1C7F1DD900185A20 /* Debug */ = {
			isa = XCBuildConfiguration;
			buildSettings = {
				ALWAYS_SEARCH_USER_PATHS = NO;
				CLANG_CXX_LANGUAGE_STANDARD = "gnu++0x";
				CLANG_CXX_LIBRARY = "libc++";
				CLANG_ENABLE_MODULES = YES;
				CLANG_ENABLE_OBJC_ARC = YES;
				CLANG_WARN_BOOL_CONVERSION = YES;
				CLANG_WARN_CONSTANT_CONVERSION = YES;
				CLANG_WARN_DIRECT_OBJC_ISA_USAGE = YES_ERROR;
				CLANG_WARN_EMPTY_BODY = YES;
				CLANG_WARN_ENUM_CONVERSION = YES;
				CLANG_WARN_INT_CONVERSION = YES;
				CLANG_WARN_OBJC_ROOT_CLASS = YES_ERROR;
				CLANG_WARN_UNREACHABLE_CODE = YES;
				CLANG_WARN__DUPLICATE_METHOD_MATCH = YES;
				"CODE_SIGN_IDENTITY[sdk=iphoneos*]" = "iPhone Developer";
				COPY_PHASE_STRIP = NO;
				DEBUG_INFORMATION_FORMAT = dwarf;
				ENABLE_STRICT_OBJC_MSGSEND = YES;
				ENABLE_TESTABILITY = YES;
				GCC_C_LANGUAGE_STANDARD = gnu99;
				GCC_DYNAMIC_NO_PIC = NO;
				GCC_NO_COMMON_BLOCKS = YES;
				GCC_OPTIMIZATION_LEVEL = 0;
				GCC_PREPROCESSOR_DEFINITIONS = (
					"DEBUG=1",
					"$(inherited)",
				);
				GCC_WARN_64_TO_32_BIT_CONVERSION = YES;
				GCC_WARN_ABOUT_RETURN_TYPE = YES_ERROR;
				GCC_WARN_UNDECLARED_SELECTOR = YES;
				GCC_WARN_UNINITIALIZED_AUTOS = YES_AGGRESSIVE;
				GCC_WARN_UNUSED_FUNCTION = YES;
				GCC_WARN_UNUSED_VARIABLE = YES;
				IPHONEOS_DEPLOYMENT_TARGET = 9.2;
				MTL_ENABLE_DEBUG_INFO = YES;
				ONLY_ACTIVE_ARCH = YES;
				SDKROOT = iphoneos;
				SWIFT_OPTIMIZATION_LEVEL = "-Onone";
			};
			name = Debug;
		};
		4384B24B1C7F1DD900185A20 /* Release */ = {
			isa = XCBuildConfiguration;
			buildSettings = {
				ALWAYS_SEARCH_USER_PATHS = NO;
				CLANG_CXX_LANGUAGE_STANDARD = "gnu++0x";
				CLANG_CXX_LIBRARY = "libc++";
				CLANG_ENABLE_MODULES = YES;
				CLANG_ENABLE_OBJC_ARC = YES;
				CLANG_WARN_BOOL_CONVERSION = YES;
				CLANG_WARN_CONSTANT_CONVERSION = YES;
				CLANG_WARN_DIRECT_OBJC_ISA_USAGE = YES_ERROR;
				CLANG_WARN_EMPTY_BODY = YES;
				CLANG_WARN_ENUM_CONVERSION = YES;
				CLANG_WARN_INT_CONVERSION = YES;
				CLANG_WARN_OBJC_ROOT_CLASS = YES_ERROR;
				CLANG_WARN_UNREACHABLE_CODE = YES;
				CLANG_WARN__DUPLICATE_METHOD_MATCH = YES;
				"CODE_SIGN_IDENTITY[sdk=iphoneos*]" = "iPhone Developer";
				COPY_PHASE_STRIP = NO;
				DEBUG_INFORMATION_FORMAT = "dwarf-with-dsym";
				ENABLE_NS_ASSERTIONS = NO;
				ENABLE_STRICT_OBJC_MSGSEND = YES;
				GCC_C_LANGUAGE_STANDARD = gnu99;
				GCC_NO_COMMON_BLOCKS = YES;
				GCC_WARN_64_TO_32_BIT_CONVERSION = YES;
				GCC_WARN_ABOUT_RETURN_TYPE = YES_ERROR;
				GCC_WARN_UNDECLARED_SELECTOR = YES;
				GCC_WARN_UNINITIALIZED_AUTOS = YES_AGGRESSIVE;
				GCC_WARN_UNUSED_FUNCTION = YES;
				GCC_WARN_UNUSED_VARIABLE = YES;
				IPHONEOS_DEPLOYMENT_TARGET = 9.2;
				MTL_ENABLE_DEBUG_INFO = NO;
				SDKROOT = iphoneos;
				VALIDATE_PRODUCT = YES;
			};
			name = Release;
		};
		4384B24D1C7F1DD900185A20 /* Debug */ = {
			isa = XCBuildConfiguration;
			buildSettings = {
				ASSETCATALOG_COMPILER_APPICON_NAME = AppIcon;
				INFOPLIST_FILE = Demo/Info.plist;
				IPHONEOS_DEPLOYMENT_TARGET = 8.0;
				LD_RUNPATH_SEARCH_PATHS = "$(inherited) @executable_path/Frameworks";
				OTHER_SWIFT_FLAGS = "-D AKExpandViewDEBUG";
				PRODUCT_BUNDLE_IDENTIFIER = com.artemkrachulov.AKExpandView;
				PRODUCT_NAME = "$(TARGET_NAME)";
			};
			name = Debug;
		};
		4384B24E1C7F1DD900185A20 /* Release */ = {
			isa = XCBuildConfiguration;
			buildSettings = {
				ASSETCATALOG_COMPILER_APPICON_NAME = AppIcon;
				INFOPLIST_FILE = Demo/Info.plist;
				IPHONEOS_DEPLOYMENT_TARGET = 8.0;
				LD_RUNPATH_SEARCH_PATHS = "$(inherited) @executable_path/Frameworks";
				OTHER_SWIFT_FLAGS = "";
				PRODUCT_BUNDLE_IDENTIFIER = com.artemkrachulov.AKExpandView;
				PRODUCT_NAME = "$(TARGET_NAME)";
			};
			name = Release;
		};
/* End XCBuildConfiguration section */

/* Begin XCConfigurationList section */
		4384B21F1C7F1DD900185A20 /* Build configuration list for PBXProject "Demo" */ = {
			isa = XCConfigurationList;
			buildConfigurations = (
				4384B24A1C7F1DD900185A20 /* Debug */,
				4384B24B1C7F1DD900185A20 /* Release */,
			);
			defaultConfigurationIsVisible = 0;
			defaultConfigurationName = Release;
		};
		4384B24C1C7F1DD900185A20 /* Build configuration list for PBXNativeTarget "Demo" */ = {
			isa = XCConfigurationList;
			buildConfigurations = (
				4384B24D1C7F1DD900185A20 /* Debug */,
				4384B24E1C7F1DD900185A20 /* Release */,
			);
			defaultConfigurationIsVisible = 0;
			defaultConfigurationName = Release;
		};
/* End XCConfigurationList section */
	};
	rootObject = 4384B21C1C7F1DD900185A20 /* Project object */;
}
